// !$*UTF8*$!
{
	archiveVersion = 1;
	classes = {
	};
	objectVersion = 50;
	objects = {

/* Begin PBXBuildFile section */
		3462E5BE26EEAF97000BD139 /* AppDelegate.swift in Sources */ = {isa = PBXBuildFile; fileRef = 3462E5BD26EEAF97000BD139 /* AppDelegate.swift */; };
		3462E5C026EEAF97000BD139 /* SceneDelegate.swift in Sources */ = {isa = PBXBuildFile; fileRef = 3462E5BF26EEAF97000BD139 /* SceneDelegate.swift */; };
		3462E5C226EEAF97000BD139 /* ContentView.swift in Sources */ = {isa = PBXBuildFile; fileRef = 3462E5C126EEAF97000BD139 /* ContentView.swift */; };
		3462E5C426EEAF99000BD139 /* Assets.xcassets in Resources */ = {isa = PBXBuildFile; fileRef = 3462E5C326EEAF99000BD139 /* Assets.xcassets */; };
		3462E5C726EEAF99000BD139 /* Preview Assets.xcassets in Resources */ = {isa = PBXBuildFile; fileRef = 3462E5C626EEAF99000BD139 /* Preview Assets.xcassets */; };
		3462E5CA26EEAF99000BD139 /* LaunchScreen.storyboard in Resources */ = {isa = PBXBuildFile; fileRef = 3462E5C826EEAF99000BD139 /* LaunchScreen.storyboard */; };
		3462E5D326EEB229000BD139 /* Constants.swift in Sources */ = {isa = PBXBuildFile; fileRef = 3462E5D226EEB229000BD139 /* Constants.swift */; };
		3462E5DD26EEB2E1000BD139 /* ImageLoader.swift in Sources */ = {isa = PBXBuildFile; fileRef = 3462E5DC26EEB2E1000BD139 /* ImageLoader.swift */; };
		3462E5DF26EEB321000BD139 /* Rating.swift in Sources */ = {isa = PBXBuildFile; fileRef = 3462E5DE26EEB321000BD139 /* Rating.swift */; };
		3462E5E126EEB346000BD139 /* URLImage.swift in Sources */ = {isa = PBXBuildFile; fileRef = 3462E5E026EEB346000BD139 /* URLImage.swift */; };
		3462E5E326EED22B000BD139 /* Movie.swift in Sources */ = {isa = PBXBuildFile; fileRef = 3462E5E226EED22B000BD139 /* Movie.swift */; };
		3462E5E526EED3EE000BD139 /* HTTPClient.swift in Sources */ = {isa = PBXBuildFile; fileRef = 3462E5E426EED3EE000BD139 /* HTTPClient.swift */; };
		3462E5E726EEDB66000BD139 /* URL+Extensions.swift in Sources */ = {isa = PBXBuildFile; fileRef = 3462E5E626EEDB66000BD139 /* URL+Extensions.swift */; };
		3462E5E926EEDD3E000BD139 /* MovieListViewModel.swift in Sources */ = {isa = PBXBuildFile; fileRef = 3462E5E826EEDD3E000BD139 /* MovieListViewModel.swift */; };
/* End PBXBuildFile section */

/* Begin PBXFileReference section */
		3462E5BA26EEAF97000BD139 /* MoviesSUIAPP.app */ = {isa = PBXFileReference; explicitFileType = wrapper.application; includeInIndex = 0; path = MoviesSUIAPP.app; sourceTree = BUILT_PRODUCTS_DIR; };
		3462E5BD26EEAF97000BD139 /* AppDelegate.swift */ = {isa = PBXFileReference; lastKnownFileType = sourcecode.swift; path = AppDelegate.swift; sourceTree = "<group>"; };
		3462E5BF26EEAF97000BD139 /* SceneDelegate.swift */ = {isa = PBXFileReference; lastKnownFileType = sourcecode.swift; path = SceneDelegate.swift; sourceTree = "<group>"; };
		3462E5C126EEAF97000BD139 /* ContentView.swift */ = {isa = PBXFileReference; lastKnownFileType = sourcecode.swift; path = ContentView.swift; sourceTree = "<group>"; };
		3462E5C326EEAF99000BD139 /* Assets.xcassets */ = {isa = PBXFileReference; lastKnownFileType = folder.assetcatalog; path = Assets.xcassets; sourceTree = "<group>"; };
		3462E5C626EEAF99000BD139 /* Preview Assets.xcassets */ = {isa = PBXFileReference; lastKnownFileType = folder.assetcatalog; path = "Preview Assets.xcassets"; sourceTree = "<group>"; };
		3462E5C926EEAF99000BD139 /* Base */ = {isa = PBXFileReference; lastKnownFileType = file.storyboard; name = Base; path = Base.lproj/LaunchScreen.storyboard; sourceTree = "<group>"; };
		3462E5CB26EEAF99000BD139 /* Info.plist */ = {isa = PBXFileReference; lastKnownFileType = text.plist.xml; path = Info.plist; sourceTree = "<group>"; };
		3462E5D226EEB229000BD139 /* Constants.swift */ = {isa = PBXFileReference; lastKnownFileType = sourcecode.swift; path = Constants.swift; sourceTree = "<group>"; };
		3462E5DC26EEB2E1000BD139 /* ImageLoader.swift */ = {isa = PBXFileReference; lastKnownFileType = sourcecode.swift; path = ImageLoader.swift; sourceTree = "<group>"; };
		3462E5DE26EEB321000BD139 /* Rating.swift */ = {isa = PBXFileReference; lastKnownFileType = sourcecode.swift; path = Rating.swift; sourceTree = "<group>"; };
		3462E5E026EEB346000BD139 /* URLImage.swift */ = {isa = PBXFileReference; lastKnownFileType = sourcecode.swift; path = URLImage.swift; sourceTree = "<group>"; };
		3462E5E226EED22B000BD139 /* Movie.swift */ = {isa = PBXFileReference; lastKnownFileType = sourcecode.swift; path = Movie.swift; sourceTree = "<group>"; };
		3462E5E426EED3EE000BD139 /* HTTPClient.swift */ = {isa = PBXFileReference; lastKnownFileType = sourcecode.swift; path = HTTPClient.swift; sourceTree = "<group>"; };
		3462E5E626EEDB66000BD139 /* URL+Extensions.swift */ = {isa = PBXFileReference; lastKnownFileType = sourcecode.swift; path = "URL+Extensions.swift"; sourceTree = "<group>"; };
		3462E5E826EEDD3E000BD139 /* MovieListViewModel.swift */ = {isa = PBXFileReference; lastKnownFileType = sourcecode.swift; path = MovieListViewModel.swift; sourceTree = "<group>"; };
/* End PBXFileReference section */

/* Begin PBXFrameworksBuildPhase section */
		3462E5B726EEAF97000BD139 /* Frameworks */ = {
			isa = PBXFrameworksBuildPhase;
			buildActionMask = 2147483647;
			files = (
			);
			runOnlyForDeploymentPostprocessing = 0;
		};
/* End PBXFrameworksBuildPhase section */

/* Begin PBXGroup section */
		3462E5B126EEAF97000BD139 = {
			isa = PBXGroup;
			children = (
				3462E5BC26EEAF97000BD139 /* MoviesSUIAPP */,
				3462E5BB26EEAF97000BD139 /* Products */,
			);
			sourceTree = "<group>";
		};
		3462E5BB26EEAF97000BD139 /* Products */ = {
			isa = PBXGroup;
			children = (
				3462E5BA26EEAF97000BD139 /* MoviesSUIAPP.app */,
			);
			name = Products;
			sourceTree = "<group>";
		};
		3462E5BC26EEAF97000BD139 /* MoviesSUIAPP */ = {
			isa = PBXGroup;
			children = (
				3462E5D126EEB1B9000BD139 /* Utils */,
				3462E5D426EEB265000BD139 /* View Models */,
				3462E5D526EEB278000BD139 /* Models */,
				3462E5D626EEB281000BD139 /* Services */,
				3462E5D726EEB288000BD139 /* Loaders */,
				3462E5D826EEB29E000BD139 /* Controls */,
				3462E5D926EEB2AB000BD139 /* Extensions */,
				3462E5DA26EEB2B6000BD139 /* Screens */,
				3462E5DB26EEB2C4000BD139 /* Views */,
				3462E5BF26EEAF97000BD139 /* SceneDelegate.swift */,
				3462E5BD26EEAF97000BD139 /* AppDelegate.swift */,
				3462E5C126EEAF97000BD139 /* ContentView.swift */,
				3462E5C326EEAF99000BD139 /* Assets.xcassets */,
				3462E5C826EEAF99000BD139 /* LaunchScreen.storyboard */,
				3462E5CB26EEAF99000BD139 /* Info.plist */,
				3462E5C526EEAF99000BD139 /* Preview Content */,
			);
			path = MoviesSUIAPP;
			sourceTree = "<group>";
		};
		3462E5C526EEAF99000BD139 /* Preview Content */ = {
			isa = PBXGroup;
			children = (
				3462E5C626EEAF99000BD139 /* Preview Assets.xcassets */,
			);
			path = "Preview Content";
			sourceTree = "<group>";
		};
		3462E5D126EEB1B9000BD139 /* Utils */ = {
			isa = PBXGroup;
			children = (
				3462E5D226EEB229000BD139 /* Constants.swift */,
			);
			path = Utils;
			sourceTree = "<group>";
		};
		3462E5D426EEB265000BD139 /* View Models */ = {
			isa = PBXGroup;
			children = (
				3462E5E826EEDD3E000BD139 /* MovieListViewModel.swift */,
			);
			path = "View Models";
			sourceTree = "<group>";
		};
		3462E5D526EEB278000BD139 /* Models */ = {
			isa = PBXGroup;
			children = (
				3462E5E226EED22B000BD139 /* Movie.swift */,
			);
			path = Models;
			sourceTree = "<group>";
		};
		3462E5D626EEB281000BD139 /* Services */ = {
			isa = PBXGroup;
			children = (
				3462E5E426EED3EE000BD139 /* HTTPClient.swift */,
			);
			path = Services;
			sourceTree = "<group>";
		};
		3462E5D726EEB288000BD139 /* Loaders */ = {
			isa = PBXGroup;
			children = (
				3462E5DC26EEB2E1000BD139 /* ImageLoader.swift */,
			);
			path = Loaders;
			sourceTree = "<group>";
		};
		3462E5D826EEB29E000BD139 /* Controls */ = {
			isa = PBXGroup;
			children = (
				3462E5DE26EEB321000BD139 /* Rating.swift */,
				3462E5E026EEB346000BD139 /* URLImage.swift */,
			);
			path = Controls;
			sourceTree = "<group>";
		};
		3462E5D926EEB2AB000BD139 /* Extensions */ = {
			isa = PBXGroup;
			children = (
				3462E5E626EEDB66000BD139 /* URL+Extensions.swift */,
			);
			path = Extensions;
			sourceTree = "<group>";
		};
		3462E5DA26EEB2B6000BD139 /* Screens */ = {
			isa = PBXGroup;
			children = (
			);
			path = Screens;
			sourceTree = "<group>";
		};
		3462E5DB26EEB2C4000BD139 /* Views */ = {
			isa = PBXGroup;
			children = (
			);
			path = Views;
			sourceTree = "<group>";
		};
/* End PBXGroup section */

/* Begin PBXNativeTarget section */
		3462E5B926EEAF97000BD139 /* MoviesSUIAPP */ = {
			isa = PBXNativeTarget;
			buildConfigurationList = 3462E5CE26EEAF99000BD139 /* Build configuration list for PBXNativeTarget "MoviesSUIAPP" */;
			buildPhases = (
				3462E5B626EEAF97000BD139 /* Sources */,
				3462E5B726EEAF97000BD139 /* Frameworks */,
				3462E5B826EEAF97000BD139 /* Resources */,
			);
			buildRules = (
			);
			dependencies = (
			);
			name = MoviesSUIAPP;
			productName = MoviesSUIAPP;
			productReference = 3462E5BA26EEAF97000BD139 /* MoviesSUIAPP.app */;
			productType = "com.apple.product-type.application";
		};
/* End PBXNativeTarget section */

/* Begin PBXProject section */
		3462E5B226EEAF97000BD139 /* Project object */ = {
			isa = PBXProject;
			attributes = {
				LastSwiftUpdateCheck = 1250;
				LastUpgradeCheck = 1250;
				TargetAttributes = {
					3462E5B926EEAF97000BD139 = {
						CreatedOnToolsVersion = 12.5.1;
					};
				};
			};
			buildConfigurationList = 3462E5B526EEAF97000BD139 /* Build configuration list for PBXProject "MoviesSUIAPP" */;
			compatibilityVersion = "Xcode 9.3";
			developmentRegion = en;
			hasScannedForEncodings = 0;
			knownRegions = (
				en,
				Base,
			);
			mainGroup = 3462E5B126EEAF97000BD139;
			productRefGroup = 3462E5BB26EEAF97000BD139 /* Products */;
			projectDirPath = "";
			projectRoot = "";
			targets = (
				3462E5B926EEAF97000BD139 /* MoviesSUIAPP */,
			);
		};
/* End PBXProject section */

/* Begin PBXResourcesBuildPhase section */
		3462E5B826EEAF97000BD139 /* Resources */ = {
			isa = PBXResourcesBuildPhase;
			buildActionMask = 2147483647;
			files = (
				3462E5CA26EEAF99000BD139 /* LaunchScreen.storyboard in Resources */,
				3462E5C726EEAF99000BD139 /* Preview Assets.xcassets in Resources */,
				3462E5C426EEAF99000BD139 /* Assets.xcassets in Resources */,
			);
			runOnlyForDeploymentPostprocessing = 0;
		};
/* End PBXResourcesBuildPhase section */

/* Begin PBXSourcesBuildPhase section */
		3462E5B626EEAF97000BD139 /* Sources */ = {
			isa = PBXSourcesBuildPhase;
			buildActionMask = 2147483647;
			files = (
				3462E5E126EEB346000BD139 /* URLImage.swift in Sources */,
				3462E5DF26EEB321000BD139 /* Rating.swift in Sources */,
				3462E5BE26EEAF97000BD139 /* AppDelegate.swift in Sources */,
				3462E5C026EEAF97000BD139 /* SceneDelegate.swift in Sources */,
				3462E5DD26EEB2E1000BD139 /* ImageLoader.swift in Sources */,
				3462E5E526EED3EE000BD139 /* HTTPClient.swift in Sources */,
				3462E5C226EEAF97000BD139 /* ContentView.swift in Sources */,
				3462E5E926EEDD3E000BD139 /* MovieListViewModel.swift in Sources */,
				3462E5E726EEDB66000BD139 /* URL+Extensions.swift in Sources */,
				3462E5E326EED22B000BD139 /* Movie.swift in Sources */,
				3462E5D326EEB229000BD139 /* Constants.swift in Sources */,
			);
			runOnlyForDeploymentPostprocessing = 0;
		};
/* End PBXSourcesBuildPhase section */

/* Begin PBXVariantGroup section */
		3462E5C826EEAF99000BD139 /* LaunchScreen.storyboard */ = {
			isa = PBXVariantGroup;
			children = (
				3462E5C926EEAF99000BD139 /* Base */,
			);
			name = LaunchScreen.storyboard;
			sourceTree = "<group>";
		};
/* End PBXVariantGroup section */

/* Begin XCBuildConfiguration section */
		3462E5CC26EEAF99000BD139 /* Debug */ = {
			isa = XCBuildConfiguration;
			buildSettings = {
				ALWAYS_SEARCH_USER_PATHS = NO;
				CLANG_ANALYZER_NONNULL = YES;
				CLANG_ANALYZER_NUMBER_OBJECT_CONVERSION = YES_AGGRESSIVE;
				CLANG_CXX_LANGUAGE_STANDARD = "gnu++14";
				CLANG_CXX_LIBRARY = "libc++";
				CLANG_ENABLE_MODULES = YES;
				CLANG_ENABLE_OBJC_ARC = YES;
				CLANG_ENABLE_OBJC_WEAK = YES;
				CLANG_WARN_BLOCK_CAPTURE_AUTORELEASING = YES;
				CLANG_WARN_BOOL_CONVERSION = YES;
				CLANG_WARN_COMMA = YES;
				CLANG_WARN_CONSTANT_CONVERSION = YES;
				CLANG_WARN_DEPRECATED_OBJC_IMPLEMENTATIONS = YES;
				CLANG_WARN_DIRECT_OBJC_ISA_USAGE = YES_ERROR;
				CLANG_WARN_DOCUMENTATION_COMMENTS = YES;
				CLANG_WARN_EMPTY_BODY = YES;
				CLANG_WARN_ENUM_CONVERSION = YES;
				CLANG_WARN_INFINITE_RECURSION = YES;
				CLANG_WARN_INT_CONVERSION = YES;
				CLANG_WARN_NON_LITERAL_NULL_CONVERSION = YES;
				CLANG_WARN_OBJC_IMPLICIT_RETAIN_SELF = YES;
				CLANG_WARN_OBJC_LITERAL_CONVERSION = YES;
				CLANG_WARN_OBJC_ROOT_CLASS = YES_ERROR;
				CLANG_WARN_QUOTED_INCLUDE_IN_FRAMEWORK_HEADER = YES;
				CLANG_WARN_RANGE_LOOP_ANALYSIS = YES;
				CLANG_WARN_STRICT_PROTOTYPES = YES;
				CLANG_WARN_SUSPICIOUS_MOVE = YES;
				CLANG_WARN_UNGUARDED_AVAILABILITY = YES_AGGRESSIVE;
				CLANG_WARN_UNREACHABLE_CODE = YES;
				CLANG_WARN__DUPLICATE_METHOD_MATCH = YES;
				COPY_PHASE_STRIP = NO;
				DEBUG_INFORMATION_FORMAT = dwarf;
				ENABLE_STRICT_OBJC_MSGSEND = YES;
				ENABLE_TESTABILITY = YES;
				GCC_C_LANGUAGE_STANDARD = gnu11;
				GCC_DYNAMIC_NO_PIC = NO;
				GCC_NO_COMMON_BLOCKS = YES;
				GCC_OPTIMIZATION_LEVEL = 0;
				GCC_PREPROCESSOR_DEFINITIONS = (
					"DEBUG=1",
					"$(inherited)",
				);
				GCC_WARN_64_TO_32_BIT_CONVERSION = YES;
				GCC_WARN_ABOUT_RETURN_TYPE = YES_ERROR;
				GCC_WARN_UNDECLARED_SELECTOR = YES;
				GCC_WARN_UNINITIALIZED_AUTOS = YES_AGGRESSIVE;
				GCC_WARN_UNUSED_FUNCTION = YES;
				GCC_WARN_UNUSED_VARIABLE = YES;
				IPHONEOS_DEPLOYMENT_TARGET = 14.5;
				MTL_ENABLE_DEBUG_INFO = INCLUDE_SOURCE;
				MTL_FAST_MATH = YES;
				ONLY_ACTIVE_ARCH = YES;
				SDKROOT = iphoneos;
				SWIFT_ACTIVE_COMPILATION_CONDITIONS = DEBUG;
				SWIFT_OPTIMIZATION_LEVEL = "-Onone";
			};
			name = Debug;
		};
		3462E5CD26EEAF99000BD139 /* Release */ = {
			isa = XCBuildConfiguration;
			buildSettings = {
				ALWAYS_SEARCH_USER_PATHS = NO;
				CLANG_ANALYZER_NONNULL = YES;
				CLANG_ANALYZER_NUMBER_OBJECT_CONVERSION = YES_AGGRESSIVE;
				CLANG_CXX_LANGUAGE_STANDARD = "gnu++14";
				CLANG_CXX_LIBRARY = "libc++";
				CLANG_ENABLE_MODULES = YES;
				CLANG_ENABLE_OBJC_ARC = YES;
				CLANG_ENABLE_OBJC_WEAK = YES;
				CLANG_WARN_BLOCK_CAPTURE_AUTORELEASING = YES;
				CLANG_WARN_BOOL_CONVERSION = YES;
				CLANG_WARN_COMMA = YES;
				CLANG_WARN_CONSTANT_CONVERSION = YES;
				CLANG_WARN_DEPRECATED_OBJC_IMPLEMENTATIONS = YES;
				CLANG_WARN_DIRECT_OBJC_ISA_USAGE = YES_ERROR;
				CLANG_WARN_DOCUMENTATION_COMMENTS = YES;
				CLANG_WARN_EMPTY_BODY = YES;
				CLANG_WARN_ENUM_CONVERSION = YES;
				CLANG_WARN_INFINITE_RECURSION = YES;
				CLANG_WARN_INT_CONVERSION = YES;
				CLANG_WARN_NON_LITERAL_NULL_CONVERSION = YES;
				CLANG_WARN_OBJC_IMPLICIT_RETAIN_SELF = YES;
				CLANG_WARN_OBJC_LITERAL_CONVERSION = YES;
				CLANG_WARN_OBJC_ROOT_CLASS = YES_ERROR;
				CLANG_WARN_QUOTED_INCLUDE_IN_FRAMEWORK_HEADER = YES;
				CLANG_WARN_RANGE_LOOP_ANALYSIS = YES;
				CLANG_WARN_STRICT_PROTOTYPES = YES;
				CLANG_WARN_SUSPICIOUS_MOVE = YES;
				CLANG_WARN_UNGUARDED_AVAILABILITY = YES_AGGRESSIVE;
				CLANG_WARN_UNREACHABLE_CODE = YES;
				CLANG_WARN__DUPLICATE_METHOD_MATCH = YES;
				COPY_PHASE_STRIP = NO;
				DEBUG_INFORMATION_FORMAT = "dwarf-with-dsym";
				ENABLE_NS_ASSERTIONS = NO;
				ENABLE_STRICT_OBJC_MSGSEND = YES;
				GCC_C_LANGUAGE_STANDARD = gnu11;
				GCC_NO_COMMON_BLOCKS = YES;
				GCC_WARN_64_TO_32_BIT_CONVERSION = YES;
				GCC_WARN_ABOUT_RETURN_TYPE = YES_ERROR;
				GCC_WARN_UNDECLARED_SELECTOR = YES;
				GCC_WARN_UNINITIALIZED_AUTOS = YES_AGGRESSIVE;
				GCC_WARN_UNUSED_FUNCTION = YES;
				GCC_WARN_UNUSED_VARIABLE = YES;
				IPHONEOS_DEPLOYMENT_TARGET = 14.5;
				MTL_ENABLE_DEBUG_INFO = NO;
				MTL_FAST_MATH = YES;
				SDKROOT = iphoneos;
				SWIFT_COMPILATION_MODE = wholemodule;
				SWIFT_OPTIMIZATION_LEVEL = "-O";
				VALIDATE_PRODUCT = YES;
			};
			name = Release;
		};
		3462E5CF26EEAF99000BD139 /* Debug */ = {
			isa = XCBuildConfiguration;
			buildSettings = {
				ASSETCATALOG_COMPILER_APPICON_NAME = AppIcon;
				ASSETCATALOG_COMPILER_GLOBAL_ACCENT_COLOR_NAME = AccentColor;
				CODE_SIGN_STYLE = Automatic;
				DEVELOPMENT_ASSET_PATHS = "\"MoviesSUIAPP/Preview Content\"";
				DEVELOPMENT_TEAM = GRPJUHAC73;
				ENABLE_PREVIEWS = YES;
				INFOPLIST_FILE = MoviesSUIAPP/Info.plist;
				LD_RUNPATH_SEARCH_PATHS = (
					"$(inherited)",
					"@executable_path/Frameworks",
				);
				PRODUCT_BUNDLE_IDENTIFIER = com.chiokMovies.MoviesSUIAPP;
				PRODUCT_NAME = "$(TARGET_NAME)";
				SWIFT_VERSION = 5.0;
				TARGETED_DEVICE_FAMILY = "1,2";
			};
			name = Debug;
		};
		3462E5D026EEAF99000BD139 /* Release */ = {
			isa = XCBuildConfiguration;
			buildSettings = {
				ASSETCATALOG_COMPILER_APPICON_NAME = AppIcon;
				ASSETCATALOG_COMPILER_GLOBAL_ACCENT_COLOR_NAME = AccentColor;
				CODE_SIGN_STYLE = Automatic;
				DEVELOPMENT_ASSET_PATHS = "\"MoviesSUIAPP/Preview Content\"";
				DEVELOPMENT_TEAM = GRPJUHAC73;
				ENABLE_PREVIEWS = YES;
				INFOPLIST_FILE = MoviesSUIAPP/Info.plist;
				LD_RUNPATH_SEARCH_PATHS = (
					"$(inherited)",
					"@executable_path/Frameworks",
				);
				PRODUCT_BUNDLE_IDENTIFIER = com.chiokMovies.MoviesSUIAPP;
				PRODUCT_NAME = "$(TARGET_NAME)";
				SWIFT_VERSION = 5.0;
				TARGETED_DEVICE_FAMILY = "1,2";
			};
			name = Release;
		};
/* End XCBuildConfiguration section */

/* Begin XCConfigurationList section */
		3462E5B526EEAF97000BD139 /* Build configuration list for PBXProject "MoviesSUIAPP" */ = {
			isa = XCConfigurationList;
			buildConfigurations = (
				3462E5CC26EEAF99000BD139 /* Debug */,
				3462E5CD26EEAF99000BD139 /* Release */,
			);
			defaultConfigurationIsVisible = 0;
			defaultConfigurationName = Release;
		};
		3462E5CE26EEAF99000BD139 /* Build configuration list for PBXNativeTarget "MoviesSUIAPP" */ = {
			isa = XCConfigurationList;
			buildConfigurations = (
				3462E5CF26EEAF99000BD139 /* Debug */,
				3462E5D026EEAF99000BD139 /* Release */,
			);
			defaultConfigurationIsVisible = 0;
			defaultConfigurationName = Release;
		};
/* End XCConfigurationList section */
	};
	rootObject = 3462E5B226EEAF97000BD139 /* Project object */;
}
